// !$*UTF8*$!
{
	archiveVersion = 1;
	classes = {
	};
	objectVersion = 56;
	objects = {

/* Begin PBXBuildFile section */
		29069F532C8A4BE90067C136 /* Alamofire in Frameworks */ = {isa = PBXBuildFile; productRef = 29069F522C8A4BE90067C136 /* Alamofire */; };
		29069F582C8B69AD0067C136 /* PlanetTableViewCell.xib in Resources */ = {isa = PBXBuildFile; fileRef = 29069F572C8B69AD0067C136 /* PlanetTableViewCell.xib */; };
		29069F592C8B69AD0067C136 /* PlanetTableViewCell.swift in Sources */ = {isa = PBXBuildFile; fileRef = 29069F562C8B69AD0067C136 /* PlanetTableViewCell.swift */; };
		29069F5B2C8BB7340067C136 /* HoroscopeDetail.swift in Sources */ = {isa = PBXBuildFile; fileRef = 29069F5A2C8BB7340067C136 /* HoroscopeDetail.swift */; };
		290C38AE2C7A3BE6001D5D0E /* PlanetViewController.swift in Sources */ = {isa = PBXBuildFile; fileRef = 290C38AD2C7A3BE6001D5D0E /* PlanetViewController.swift */; };
		290C38B02C7A3BF6001D5D0E /* PlanetViewModel.swift in Sources */ = {isa = PBXBuildFile; fileRef = 290C38AF2C7A3BF6001D5D0E /* PlanetViewModel.swift */; };
		290C38B32C7A3D0D001D5D0E /* PlanetService.swift in Sources */ = {isa = PBXBuildFile; fileRef = 290C38B22C7A3D0D001D5D0E /* PlanetService.swift */; };
		290C38B62C7A3D68001D5D0E /* Planet.swift in Sources */ = {isa = PBXBuildFile; fileRef = 290C38B52C7A3D68001D5D0E /* Planet.swift */; };
		290C38BA2C7A3EC9001D5D0E /* PlanetDetailViewModel.swift in Sources */ = {isa = PBXBuildFile; fileRef = 290C38B92C7A3EC9001D5D0E /* PlanetDetailViewModel.swift */; };
		290C38BC2C7A3ED9001D5D0E /* PlanetDetailViewController.swift in Sources */ = {isa = PBXBuildFile; fileRef = 290C38BB2C7A3ED9001D5D0E /* PlanetDetailViewController.swift */; };
		290C38BE2C7A3FDC001D5D0E /* Observable.swift in Sources */ = {isa = PBXBuildFile; fileRef = 290C38BD2C7A3FDC001D5D0E /* Observable.swift */; };
		290C38C12C7F786C001D5D0E /* HoroscopeListViewModel.swift in Sources */ = {isa = PBXBuildFile; fileRef = 290C38C02C7F786C001D5D0E /* HoroscopeListViewModel.swift */; };
		290C38C52C7F78A7001D5D0E /* HoroscopeListViewController.swift in Sources */ = {isa = PBXBuildFile; fileRef = 290C38C42C7F78A7001D5D0E /* HoroscopeListViewController.swift */; };
		290C38C82C7F7AF7001D5D0E /* Horoscope.swift in Sources */ = {isa = PBXBuildFile; fileRef = 290C38C72C7F7AF7001D5D0E /* Horoscope.swift */; };
		290C38CA2C7F7C0D001D5D0E /* HoroscopeService.swift in Sources */ = {isa = PBXBuildFile; fileRef = 290C38C92C7F7C0D001D5D0E /* HoroscopeService.swift */; };
		290C38CC2C7F7C70001D5D0E /* HoroscopeDetailViewModel.swift in Sources */ = {isa = PBXBuildFile; fileRef = 290C38CB2C7F7C70001D5D0E /* HoroscopeDetailViewModel.swift */; };
		290C38CE2C7F7CD7001D5D0E /* HoroscopeDetailViewController.swift in Sources */ = {isa = PBXBuildFile; fileRef = 290C38CD2C7F7CD7001D5D0E /* HoroscopeDetailViewController.swift */; };
		290C38D22C8208D4001D5D0E /* MatchesListViewController.swift in Sources */ = {isa = PBXBuildFile; fileRef = 290C38D12C8208D4001D5D0E /* MatchesListViewController.swift */; };
		290C38D42C8208E8001D5D0E /* MatchDetailViewController.swift in Sources */ = {isa = PBXBuildFile; fileRef = 290C38D32C8208E8001D5D0E /* MatchDetailViewController.swift */; };
		290C38D82C820936001D5D0E /* Match.swift in Sources */ = {isa = PBXBuildFile; fileRef = 290C38D72C820936001D5D0E /* Match.swift */; };
		290C38DA2C820957001D5D0E /* MatchDetail.swift in Sources */ = {isa = PBXBuildFile; fileRef = 290C38D92C820957001D5D0E /* MatchDetail.swift */; };
		290C38DC2C820980001D5D0E /* MatchService .swift in Sources */ = {isa = PBXBuildFile; fileRef = 290C38DB2C820980001D5D0E /* MatchService .swift */; };
		290C38DE2C8209A5001D5D0E /* MatchesListViewModel.swift in Sources */ = {isa = PBXBuildFile; fileRef = 290C38DD2C8209A5001D5D0E /* MatchesListViewModel.swift */; };
		290C38E02C8209BF001D5D0E /* MatchDetailViewModel.swift in Sources */ = {isa = PBXBuildFile; fileRef = 290C38DF2C8209BF001D5D0E /* MatchDetailViewModel.swift */; };
		290C38E32C82140A001D5D0E /* MatchCell.swift in Sources */ = {isa = PBXBuildFile; fileRef = 290C38E12C82140A001D5D0E /* MatchCell.swift */; };
		290C38E42C82140A001D5D0E /* MatchCell.xib in Resources */ = {isa = PBXBuildFile; fileRef = 290C38E22C82140A001D5D0E /* MatchCell.xib */; };
		2927D5842C8A348A00977266 /* NetworkManager.swift in Sources */ = {isa = PBXBuildFile; fileRef = 2927D5832C8A348A00977266 /* NetworkManager.swift */; };
		2927D58B2C8A34C300977266 /* NetworkConstant.swift in Sources */ = {isa = PBXBuildFile; fileRef = 2927D58A2C8A34C300977266 /* NetworkConstant.swift */; };
		2927D58E2C8A372700977266 /* Kingfisher in Frameworks */ = {isa = PBXBuildFile; productRef = 2927D58D2C8A372700977266 /* Kingfisher */; };
		2998CE832C54162500DD844B /* AppDelegate.swift in Sources */ = {isa = PBXBuildFile; fileRef = 2998CE822C54162500DD844B /* AppDelegate.swift */; };
		2998CE852C54162500DD844B /* SceneDelegate.swift in Sources */ = {isa = PBXBuildFile; fileRef = 2998CE842C54162500DD844B /* SceneDelegate.swift */; };
		2998CE8A2C54162500DD844B /* Base in Resources */ = {isa = PBXBuildFile; fileRef = 2998CE892C54162500DD844B /* Base */; };
		2998CE8C2C54162600DD844B /* Assets.xcassets in Resources */ = {isa = PBXBuildFile; fileRef = 2998CE8B2C54162600DD844B /* Assets.xcassets */; };
		2998CE8F2C54162600DD844B /* Base in Resources */ = {isa = PBXBuildFile; fileRef = 2998CE8E2C54162600DD844B /* Base */; };
		2998CE982C54EF7400DD844B /* LoginController.swift in Sources */ = {isa = PBXBuildFile; fileRef = 2998CE972C54EF7400DD844B /* LoginController.swift */; };
		2998CE9A2C54EF8700DD844B /* RegisterController.swift in Sources */ = {isa = PBXBuildFile; fileRef = 2998CE992C54EF8700DD844B /* RegisterController.swift */; };
		2998CE9D2C5A7EEF00DD844B /* RegisterStruct.swift in Sources */ = {isa = PBXBuildFile; fileRef = 2998CE9C2C5A7EEF00DD844B /* RegisterStruct.swift */; };
		2998CEA12C5A838000DD844B /* LoginViewModel.swift in Sources */ = {isa = PBXBuildFile; fileRef = 2998CEA02C5A838000DD844B /* LoginViewModel.swift */; };
		2998CEA32C5A839000DD844B /* RegisterViewModel.swift in Sources */ = {isa = PBXBuildFile; fileRef = 2998CEA22C5A839000DD844B /* RegisterViewModel.swift */; };
		2998CEC22C5CE9C900DD844B /* Struct.swift in Sources */ = {isa = PBXBuildFile; fileRef = 2998CEC12C5CE9C900DD844B /* Struct.swift */; };
		2998CEC52C5CE9FB00DD844B /* HomeViewModel.swift in Sources */ = {isa = PBXBuildFile; fileRef = 2998CEC42C5CE9FB00DD844B /* HomeViewModel.swift */; };
		2998CEC82C5CEA2E00DD844B /* HomeViewController.swift in Sources */ = {isa = PBXBuildFile; fileRef = 2998CEC72C5CEA2E00DD844B /* HomeViewController.swift */; };
		2998CECC2C5CEB3300DD844B /* StoryCollectionViewCell.xib in Resources */ = {isa = PBXBuildFile; fileRef = 2998CECB2C5CEB3300DD844B /* StoryCollectionViewCell.xib */; };
		2998CECD2C5CEB3300DD844B /* StoryCollectionViewCell.swift in Sources */ = {isa = PBXBuildFile; fileRef = 2998CECA2C5CEB3300DD844B /* StoryCollectionViewCell.swift */; };
		2998CED22C5CEB7900DD844B /* PostTableViewCell.xib in Resources */ = {isa = PBXBuildFile; fileRef = 2998CED12C5CEB7900DD844B /* PostTableViewCell.xib */; };
		2998CED32C5CEB7900DD844B /* PostTableViewCell.swift in Sources */ = {isa = PBXBuildFile; fileRef = 2998CED02C5CEB7900DD844B /* PostTableViewCell.swift */; };
		2998CED82C5CF3F100DD844B /* MotivationCollectionViewCell.xib in Resources */ = {isa = PBXBuildFile; fileRef = 2998CED72C5CF3F100DD844B /* MotivationCollectionViewCell.xib */; };
		2998CED92C5CF3F100DD844B /* MotivationCollectionViewCell.swift in Sources */ = {isa = PBXBuildFile; fileRef = 2998CED62C5CF3F100DD844B /* MotivationCollectionViewCell.swift */; };
		2998CFC22C76008B00DD844B /* AppCoordinator.swift in Sources */ = {isa = PBXBuildFile; fileRef = 2998CFC12C76008B00DD844B /* AppCoordinator.swift */; };
/* End PBXBuildFile section */

/* Begin PBXFileReference section */
		29069F562C8B69AD0067C136 /* PlanetTableViewCell.swift */ = {isa = PBXFileReference; lastKnownFileType = sourcecode.swift; path = PlanetTableViewCell.swift; sourceTree = "<group>"; };
		29069F572C8B69AD0067C136 /* PlanetTableViewCell.xib */ = {isa = PBXFileReference; lastKnownFileType = file.xib; path = PlanetTableViewCell.xib; sourceTree = "<group>"; };
		29069F5A2C8BB7340067C136 /* HoroscopeDetail.swift */ = {isa = PBXFileReference; lastKnownFileType = sourcecode.swift; path = HoroscopeDetail.swift; sourceTree = "<group>"; };
		290C38AD2C7A3BE6001D5D0E /* PlanetViewController.swift */ = {isa = PBXFileReference; lastKnownFileType = sourcecode.swift; path = PlanetViewController.swift; sourceTree = "<group>"; };
		290C38AF2C7A3BF6001D5D0E /* PlanetViewModel.swift */ = {isa = PBXFileReference; lastKnownFileType = sourcecode.swift; path = PlanetViewModel.swift; sourceTree = "<group>"; };
		290C38B22C7A3D0D001D5D0E /* PlanetService.swift */ = {isa = PBXFileReference; lastKnownFileType = sourcecode.swift; path = PlanetService.swift; sourceTree = "<group>"; };
		290C38B52C7A3D68001D5D0E /* Planet.swift */ = {isa = PBXFileReference; lastKnownFileType = sourcecode.swift; path = Planet.swift; sourceTree = "<group>"; };
		290C38B92C7A3EC9001D5D0E /* PlanetDetailViewModel.swift */ = {isa = PBXFileReference; lastKnownFileType = sourcecode.swift; path = PlanetDetailViewModel.swift; sourceTree = "<group>"; };
		290C38BB2C7A3ED9001D5D0E /* PlanetDetailViewController.swift */ = {isa = PBXFileReference; lastKnownFileType = sourcecode.swift; path = PlanetDetailViewController.swift; sourceTree = "<group>"; };
		290C38BD2C7A3FDC001D5D0E /* Observable.swift */ = {isa = PBXFileReference; lastKnownFileType = sourcecode.swift; path = Observable.swift; sourceTree = "<group>"; };
		290C38C02C7F786C001D5D0E /* HoroscopeListViewModel.swift */ = {isa = PBXFileReference; lastKnownFileType = sourcecode.swift; path = HoroscopeListViewModel.swift; sourceTree = "<group>"; };
		290C38C42C7F78A7001D5D0E /* HoroscopeListViewController.swift */ = {isa = PBXFileReference; lastKnownFileType = sourcecode.swift; path = HoroscopeListViewController.swift; sourceTree = "<group>"; };
		290C38C72C7F7AF7001D5D0E /* Horoscope.swift */ = {isa = PBXFileReference; lastKnownFileType = sourcecode.swift; path = Horoscope.swift; sourceTree = "<group>"; };
		290C38C92C7F7C0D001D5D0E /* HoroscopeService.swift */ = {isa = PBXFileReference; lastKnownFileType = sourcecode.swift; path = HoroscopeService.swift; sourceTree = "<group>"; };
		290C38CB2C7F7C70001D5D0E /* HoroscopeDetailViewModel.swift */ = {isa = PBXFileReference; lastKnownFileType = sourcecode.swift; path = HoroscopeDetailViewModel.swift; sourceTree = "<group>"; };
		290C38CD2C7F7CD7001D5D0E /* HoroscopeDetailViewController.swift */ = {isa = PBXFileReference; lastKnownFileType = sourcecode.swift; path = HoroscopeDetailViewController.swift; sourceTree = "<group>"; };
		290C38D12C8208D4001D5D0E /* MatchesListViewController.swift */ = {isa = PBXFileReference; lastKnownFileType = sourcecode.swift; path = MatchesListViewController.swift; sourceTree = "<group>"; };
		290C38D32C8208E8001D5D0E /* MatchDetailViewController.swift */ = {isa = PBXFileReference; lastKnownFileType = sourcecode.swift; path = MatchDetailViewController.swift; sourceTree = "<group>"; };
		290C38D72C820936001D5D0E /* Match.swift */ = {isa = PBXFileReference; lastKnownFileType = sourcecode.swift; path = Match.swift; sourceTree = "<group>"; };
		290C38D92C820957001D5D0E /* MatchDetail.swift */ = {isa = PBXFileReference; lastKnownFileType = sourcecode.swift; path = MatchDetail.swift; sourceTree = "<group>"; };
		290C38DB2C820980001D5D0E /* MatchService .swift */ = {isa = PBXFileReference; lastKnownFileType = sourcecode.swift; path = "MatchService .swift"; sourceTree = "<group>"; };
		290C38DD2C8209A5001D5D0E /* MatchesListViewModel.swift */ = {isa = PBXFileReference; lastKnownFileType = sourcecode.swift; path = MatchesListViewModel.swift; sourceTree = "<group>"; };
		290C38DF2C8209BF001D5D0E /* MatchDetailViewModel.swift */ = {isa = PBXFileReference; lastKnownFileType = sourcecode.swift; path = MatchDetailViewModel.swift; sourceTree = "<group>"; };
		290C38E12C82140A001D5D0E /* MatchCell.swift */ = {isa = PBXFileReference; lastKnownFileType = sourcecode.swift; path = MatchCell.swift; sourceTree = "<group>"; };
		290C38E22C82140A001D5D0E /* MatchCell.xib */ = {isa = PBXFileReference; lastKnownFileType = file.xib; path = MatchCell.xib; sourceTree = "<group>"; };
		2927D5832C8A348A00977266 /* NetworkManager.swift */ = {isa = PBXFileReference; lastKnownFileType = sourcecode.swift; path = NetworkManager.swift; sourceTree = "<group>"; };
		2927D58A2C8A34C300977266 /* NetworkConstant.swift */ = {isa = PBXFileReference; lastKnownFileType = sourcecode.swift; path = NetworkConstant.swift; sourceTree = "<group>"; };
		2998CE7F2C54162500DD844B /* AstroTalk.app */ = {isa = PBXFileReference; explicitFileType = wrapper.application; includeInIndex = 0; path = AstroTalk.app; sourceTree = BUILT_PRODUCTS_DIR; };
		2998CE822C54162500DD844B /* AppDelegate.swift */ = {isa = PBXFileReference; lastKnownFileType = sourcecode.swift; path = AppDelegate.swift; sourceTree = "<group>"; };
		2998CE842C54162500DD844B /* SceneDelegate.swift */ = {isa = PBXFileReference; lastKnownFileType = sourcecode.swift; path = SceneDelegate.swift; sourceTree = "<group>"; };
		2998CE892C54162500DD844B /* Base */ = {isa = PBXFileReference; lastKnownFileType = file.storyboard; name = Base; path = Base.lproj/Main.storyboard; sourceTree = "<group>"; };
		2998CE8B2C54162600DD844B /* Assets.xcassets */ = {isa = PBXFileReference; lastKnownFileType = folder.assetcatalog; path = Assets.xcassets; sourceTree = "<group>"; };
		2998CE8E2C54162600DD844B /* Base */ = {isa = PBXFileReference; lastKnownFileType = file.storyboard; name = Base; path = Base.lproj/LaunchScreen.storyboard; sourceTree = "<group>"; };
		2998CE902C54162600DD844B /* Info.plist */ = {isa = PBXFileReference; lastKnownFileType = text.plist.xml; path = Info.plist; sourceTree = "<group>"; };
		2998CE972C54EF7400DD844B /* LoginController.swift */ = {isa = PBXFileReference; lastKnownFileType = sourcecode.swift; path = LoginController.swift; sourceTree = "<group>"; };
		2998CE992C54EF8700DD844B /* RegisterController.swift */ = {isa = PBXFileReference; lastKnownFileType = sourcecode.swift; path = RegisterController.swift; sourceTree = "<group>"; };
		2998CE9C2C5A7EEF00DD844B /* RegisterStruct.swift */ = {isa = PBXFileReference; lastKnownFileType = sourcecode.swift; path = RegisterStruct.swift; sourceTree = "<group>"; };
		2998CEA02C5A838000DD844B /* LoginViewModel.swift */ = {isa = PBXFileReference; lastKnownFileType = sourcecode.swift; path = LoginViewModel.swift; sourceTree = "<group>"; };
		2998CEA22C5A839000DD844B /* RegisterViewModel.swift */ = {isa = PBXFileReference; lastKnownFileType = sourcecode.swift; path = RegisterViewModel.swift; sourceTree = "<group>"; };
		2998CEC12C5CE9C900DD844B /* Struct.swift */ = {isa = PBXFileReference; lastKnownFileType = sourcecode.swift; path = Struct.swift; sourceTree = "<group>"; };
		2998CEC42C5CE9FB00DD844B /* HomeViewModel.swift */ = {isa = PBXFileReference; lastKnownFileType = sourcecode.swift; path = HomeViewModel.swift; sourceTree = "<group>"; };
		2998CEC72C5CEA2E00DD844B /* HomeViewController.swift */ = {isa = PBXFileReference; lastKnownFileType = sourcecode.swift; path = HomeViewController.swift; sourceTree = "<group>"; };
		2998CECA2C5CEB3300DD844B /* StoryCollectionViewCell.swift */ = {isa = PBXFileReference; lastKnownFileType = sourcecode.swift; path = StoryCollectionViewCell.swift; sourceTree = "<group>"; };
		2998CECB2C5CEB3300DD844B /* StoryCollectionViewCell.xib */ = {isa = PBXFileReference; lastKnownFileType = file.xib; path = StoryCollectionViewCell.xib; sourceTree = "<group>"; };
		2998CED02C5CEB7900DD844B /* PostTableViewCell.swift */ = {isa = PBXFileReference; lastKnownFileType = sourcecode.swift; path = PostTableViewCell.swift; sourceTree = "<group>"; };
		2998CED12C5CEB7900DD844B /* PostTableViewCell.xib */ = {isa = PBXFileReference; lastKnownFileType = file.xib; path = PostTableViewCell.xib; sourceTree = "<group>"; };
		2998CED62C5CF3F100DD844B /* MotivationCollectionViewCell.swift */ = {isa = PBXFileReference; lastKnownFileType = sourcecode.swift; path = MotivationCollectionViewCell.swift; sourceTree = "<group>"; };
		2998CED72C5CF3F100DD844B /* MotivationCollectionViewCell.xib */ = {isa = PBXFileReference; lastKnownFileType = file.xib; path = MotivationCollectionViewCell.xib; sourceTree = "<group>"; };
		2998CFC12C76008B00DD844B /* AppCoordinator.swift */ = {isa = PBXFileReference; lastKnownFileType = sourcecode.swift; path = AppCoordinator.swift; sourceTree = "<group>"; };
/* End PBXFileReference section */

/* Begin PBXFrameworksBuildPhase section */
		2998CE7C2C54162500DD844B /* Frameworks */ = {
			isa = PBXFrameworksBuildPhase;
			buildActionMask = 2147483647;
			files = (
				2927D58E2C8A372700977266 /* Kingfisher in Frameworks */,
				29069F532C8A4BE90067C136 /* Alamofire in Frameworks */,
			);
			runOnlyForDeploymentPostprocessing = 0;
		};
/* End PBXFrameworksBuildPhase section */

/* Begin PBXGroup section */
		290C38AC2C7A3BD5001D5D0E /* Planet */ = {
			isa = PBXGroup;
			children = (
				290C38B82C7A3EAB001D5D0E /* ViewModel */,
				290C38B72C7A3EA3001D5D0E /* View */,
				290C38B42C7A3D56001D5D0E /* Model */,
			);
			path = Planet;
			sourceTree = "<group>";
		};
		290C38B12C7A3CFB001D5D0E /* Service */ = {
			isa = PBXGroup;
			children = (
				290C38B22C7A3D0D001D5D0E /* PlanetService.swift */,
				290C38C92C7F7C0D001D5D0E /* HoroscopeService.swift */,
				290C38DB2C820980001D5D0E /* MatchService .swift */,
			);
			path = Service;
			sourceTree = "<group>";
		};
		290C38B42C7A3D56001D5D0E /* Model */ = {
			isa = PBXGroup;
			children = (
				290C38B52C7A3D68001D5D0E /* Planet.swift */,
			);
			path = Model;
			sourceTree = "<group>";
		};
		290C38B72C7A3EA3001D5D0E /* View */ = {
			isa = PBXGroup;
			children = (
				290C38AD2C7A3BE6001D5D0E /* PlanetViewController.swift */,
				290C38BB2C7A3ED9001D5D0E /* PlanetDetailViewController.swift */,
			);
			path = View;
			sourceTree = "<group>";
		};
		290C38B82C7A3EAB001D5D0E /* ViewModel */ = {
			isa = PBXGroup;
			children = (
				290C38AF2C7A3BF6001D5D0E /* PlanetViewModel.swift */,
				290C38B92C7A3EC9001D5D0E /* PlanetDetailViewModel.swift */,
			);
			path = ViewModel;
			sourceTree = "<group>";
		};
		290C38BF2C7F7852001D5D0E /* Horoscope */ = {
			isa = PBXGroup;
			children = (
				290C38C62C7F7AE0001D5D0E /* Model */,
				290C38C32C7F7890001D5D0E /* View */,
				290C38C22C7F7876001D5D0E /* ViewModel */,
			);
			path = Horoscope;
			sourceTree = "<group>";
		};
		290C38C22C7F7876001D5D0E /* ViewModel */ = {
			isa = PBXGroup;
			children = (
				290C38C02C7F786C001D5D0E /* HoroscopeListViewModel.swift */,
				290C38CB2C7F7C70001D5D0E /* HoroscopeDetailViewModel.swift */,
			);
			path = ViewModel;
			sourceTree = "<group>";
		};
		290C38C32C7F7890001D5D0E /* View */ = {
			isa = PBXGroup;
			children = (
				290C38C42C7F78A7001D5D0E /* HoroscopeListViewController.swift */,
				290C38CD2C7F7CD7001D5D0E /* HoroscopeDetailViewController.swift */,
			);
			path = View;
			sourceTree = "<group>";
		};
		290C38C62C7F7AE0001D5D0E /* Model */ = {
			isa = PBXGroup;
			children = (
				290C38C72C7F7AF7001D5D0E /* Horoscope.swift */,
				29069F5A2C8BB7340067C136 /* HoroscopeDetail.swift */,
			);
			path = Model;
			sourceTree = "<group>";
		};
		290C38CF2C8208B4001D5D0E /* Maches */ = {
			isa = PBXGroup;
			children = (
				290C38D62C820914001D5D0E /* Model */,
				290C38D52C8208ED001D5D0E /* ViewModel */,
				290C38D02C8208C4001D5D0E /* View */,
			);
			path = Maches;
			sourceTree = "<group>";
		};
		290C38D02C8208C4001D5D0E /* View */ = {
			isa = PBXGroup;
			children = (
				290C38D12C8208D4001D5D0E /* MatchesListViewController.swift */,
				290C38D32C8208E8001D5D0E /* MatchDetailViewController.swift */,
			);
			path = View;
			sourceTree = "<group>";
		};
		290C38D52C8208ED001D5D0E /* ViewModel */ = {
			isa = PBXGroup;
			children = (
				290C38DD2C8209A5001D5D0E /* MatchesListViewModel.swift */,
				290C38DF2C8209BF001D5D0E /* MatchDetailViewModel.swift */,
			);
			path = ViewModel;
			sourceTree = "<group>";
		};
		290C38D62C820914001D5D0E /* Model */ = {
			isa = PBXGroup;
			children = (
				290C38D72C820936001D5D0E /* Match.swift */,
				290C38D92C820957001D5D0E /* MatchDetail.swift */,
			);
			path = Model;
			sourceTree = "<group>";
		};
		2927D5822C8A347300977266 /* Network */ = {
			isa = PBXGroup;
			children = (
				2927D5832C8A348A00977266 /* NetworkManager.swift */,
				2927D58A2C8A34C300977266 /* NetworkConstant.swift */,
			);
			path = Network;
			sourceTree = "<group>";
		};
		2998CE762C54162500DD844B = {
			isa = PBXGroup;
			children = (
				2998CE812C54162500DD844B /* AstroTalk */,
				2998CE802C54162500DD844B /* Products */,
			);
			sourceTree = "<group>";
		};
		2998CE802C54162500DD844B /* Products */ = {
			isa = PBXGroup;
			children = (
				2998CE7F2C54162500DD844B /* AstroTalk.app */,
			);
			name = Products;
			sourceTree = "<group>";
		};
		2998CE812C54162500DD844B /* AstroTalk */ = {
			isa = PBXGroup;
			children = (
				2998CE822C54162500DD844B /* AppDelegate.swift */,
				2998CE842C54162500DD844B /* SceneDelegate.swift */,
				2998CFC12C76008B00DD844B /* AppCoordinator.swift */,
				290C38BD2C7A3FDC001D5D0E /* Observable.swift */,
				2998CE882C54162500DD844B /* Main.storyboard */,
				2927D5822C8A347300977266 /* Network */,
				290C38B12C7A3CFB001D5D0E /* Service */,
				2998CEC92C5CEB0200DD844B /* ReusableView */,
				2998CE962C54EF5700DD844B /* Scene */,
				2998CE8B2C54162600DD844B /* Assets.xcassets */,
				2998CE8D2C54162600DD844B /* LaunchScreen.storyboard */,
				2998CE902C54162600DD844B /* Info.plist */,
			);
			path = AstroTalk;
			sourceTree = "<group>";
		};
		2998CE962C54EF5700DD844B /* Scene */ = {
			isa = PBXGroup;
			children = (
				290C38CF2C8208B4001D5D0E /* Maches */,
				290C38BF2C7F7852001D5D0E /* Horoscope */,
				290C38AC2C7A3BD5001D5D0E /* Planet */,
				2998CEBF2C5CE98C00DD844B /* Home */,
				2998CE9E2C5A834600DD844B /* Login */,
				2998CE9F2C5A835500DD844B /* Register */,
			);
			path = Scene;
			sourceTree = "<group>";
		};
		2998CE9B2C5A7ECB00DD844B /* Model */ = {
			isa = PBXGroup;
			children = (
				2998CE9C2C5A7EEF00DD844B /* RegisterStruct.swift */,
			);
			path = Model;
			sourceTree = "<group>";
		};
		2998CE9E2C5A834600DD844B /* Login */ = {
			isa = PBXGroup;
			children = (
				2998CE972C54EF7400DD844B /* LoginController.swift */,
				2998CEA02C5A838000DD844B /* LoginViewModel.swift */,
			);
			path = Login;
			sourceTree = "<group>";
		};
		2998CE9F2C5A835500DD844B /* Register */ = {
			isa = PBXGroup;
			children = (
				2998CE9B2C5A7ECB00DD844B /* Model */,
				2998CE992C54EF8700DD844B /* RegisterController.swift */,
				2998CEA22C5A839000DD844B /* RegisterViewModel.swift */,
			);
			path = Register;
			sourceTree = "<group>";
		};
		2998CEBF2C5CE98C00DD844B /* Home */ = {
			isa = PBXGroup;
			children = (
				2998CEC62C5CEA0A00DD844B /* View */,
				2998CEC32C5CE9E100DD844B /* ViewModel */,
				2998CEC02C5CE9BB00DD844B /* Model */,
			);
			path = Home;
			sourceTree = "<group>";
		};
		2998CEC02C5CE9BB00DD844B /* Model */ = {
			isa = PBXGroup;
			children = (
				2998CEC12C5CE9C900DD844B /* Struct.swift */,
			);
			path = Model;
			sourceTree = "<group>";
		};
		2998CEC32C5CE9E100DD844B /* ViewModel */ = {
			isa = PBXGroup;
			children = (
				2998CEC42C5CE9FB00DD844B /* HomeViewModel.swift */,
			);
			path = ViewModel;
			sourceTree = "<group>";
		};
		2998CEC62C5CEA0A00DD844B /* View */ = {
			isa = PBXGroup;
			children = (
				2998CEC72C5CEA2E00DD844B /* HomeViewController.swift */,
			);
			path = View;
			sourceTree = "<group>";
		};
		2998CEC92C5CEB0200DD844B /* ReusableView */ = {
			isa = PBXGroup;
			children = (
				2998CECA2C5CEB3300DD844B /* StoryCollectionViewCell.swift */,
				2998CECB2C5CEB3300DD844B /* StoryCollectionViewCell.xib */,
				2998CED02C5CEB7900DD844B /* PostTableViewCell.swift */,
				2998CED12C5CEB7900DD844B /* PostTableViewCell.xib */,
				2998CED62C5CF3F100DD844B /* MotivationCollectionViewCell.swift */,
				2998CED72C5CF3F100DD844B /* MotivationCollectionViewCell.xib */,
				290C38E12C82140A001D5D0E /* MatchCell.swift */,
				290C38E22C82140A001D5D0E /* MatchCell.xib */,
				29069F562C8B69AD0067C136 /* PlanetTableViewCell.swift */,
				29069F572C8B69AD0067C136 /* PlanetTableViewCell.xib */,
			);
			path = ReusableView;
			sourceTree = "<group>";
		};
/* End PBXGroup section */

/* Begin PBXNativeTarget section */
		2998CE7E2C54162500DD844B /* AstroTalk */ = {
			isa = PBXNativeTarget;
			buildConfigurationList = 2998CE932C54162600DD844B /* Build configuration list for PBXNativeTarget "AstroTalk" */;
			buildPhases = (
				2998CE7B2C54162500DD844B /* Sources */,
				2998CE7C2C54162500DD844B /* Frameworks */,
				2998CE7D2C54162500DD844B /* Resources */,
			);
			buildRules = (
			);
			dependencies = (
			);
			name = AstroTalk;
			packageProductDependencies = (
				2927D58D2C8A372700977266 /* Kingfisher */,
				29069F522C8A4BE90067C136 /* Alamofire */,
			);
			productName = AstroTalk;
			productReference = 2998CE7F2C54162500DD844B /* AstroTalk.app */;
			productType = "com.apple.product-type.application";
		};
/* End PBXNativeTarget section */

/* Begin PBXProject section */
		2998CE772C54162500DD844B /* Project object */ = {
			isa = PBXProject;
			attributes = {
				BuildIndependentTargetsInParallel = 1;
				LastSwiftUpdateCheck = 1540;
				LastUpgradeCheck = 1540;
				TargetAttributes = {
					2998CE7E2C54162500DD844B = {
						CreatedOnToolsVersion = 15.4;
					};
				};
			};
			buildConfigurationList = 2998CE7A2C54162500DD844B /* Build configuration list for PBXProject "AstroTalk" */;
			compatibilityVersion = "Xcode 14.0";
			developmentRegion = en;
			hasScannedForEncodings = 0;
			knownRegions = (
				en,
				Base,
			);
			mainGroup = 2998CE762C54162500DD844B;
			packageReferences = (
				2927D58C2C8A372600977266 /* XCRemoteSwiftPackageReference "Kingfisher" */,
				29069F512C8A4BE90067C136 /* XCRemoteSwiftPackageReference "Alamofire" */,
			);
			productRefGroup = 2998CE802C54162500DD844B /* Products */;
			projectDirPath = "";
			projectRoot = "";
			targets = (
				2998CE7E2C54162500DD844B /* AstroTalk */,
			);
		};
/* End PBXProject section */

/* Begin PBXResourcesBuildPhase section */
		2998CE7D2C54162500DD844B /* Resources */ = {
			isa = PBXResourcesBuildPhase;
			buildActionMask = 2147483647;
			files = (
				2998CED82C5CF3F100DD844B /* MotivationCollectionViewCell.xib in Resources */,
				2998CECC2C5CEB3300DD844B /* StoryCollectionViewCell.xib in Resources */,
				2998CED22C5CEB7900DD844B /* PostTableViewCell.xib in Resources */,
				2998CE8C2C54162600DD844B /* Assets.xcassets in Resources */,
				2998CE8F2C54162600DD844B /* Base in Resources */,
				2998CE8A2C54162500DD844B /* Base in Resources */,
				290C38E42C82140A001D5D0E /* MatchCell.xib in Resources */,
				29069F582C8B69AD0067C136 /* PlanetTableViewCell.xib in Resources */,
			);
			runOnlyForDeploymentPostprocessing = 0;
		};
/* End PBXResourcesBuildPhase section */

/* Begin PBXSourcesBuildPhase section */
		2998CE7B2C54162500DD844B /* Sources */ = {
			isa = PBXSourcesBuildPhase;
			buildActionMask = 2147483647;
			files = (
				2927D5842C8A348A00977266 /* NetworkManager.swift in Sources */,
				290C38B02C7A3BF6001D5D0E /* PlanetViewModel.swift in Sources */,
				2998CE9A2C54EF8700DD844B /* RegisterController.swift in Sources */,
				2998CED92C5CF3F100DD844B /* MotivationCollectionViewCell.swift in Sources */,
				290C38B62C7A3D68001D5D0E /* Planet.swift in Sources */,
				2998CEC52C5CE9FB00DD844B /* HomeViewModel.swift in Sources */,
				2998CECD2C5CEB3300DD844B /* StoryCollectionViewCell.swift in Sources */,
				290C38DA2C820957001D5D0E /* MatchDetail.swift in Sources */,
				290C38D22C8208D4001D5D0E /* MatchesListViewController.swift in Sources */,
				290C38CC2C7F7C70001D5D0E /* HoroscopeDetailViewModel.swift in Sources */,
				2998CE982C54EF7400DD844B /* LoginController.swift in Sources */,
				290C38AE2C7A3BE6001D5D0E /* PlanetViewController.swift in Sources */,
				2998CEA32C5A839000DD844B /* RegisterViewModel.swift in Sources */,
				290C38DC2C820980001D5D0E /* MatchService .swift in Sources */,
				2998CFC22C76008B00DD844B /* AppCoordinator.swift in Sources */,
				290C38D42C8208E8001D5D0E /* MatchDetailViewController.swift in Sources */,
				290C38E02C8209BF001D5D0E /* MatchDetailViewModel.swift in Sources */,
				290C38BE2C7A3FDC001D5D0E /* Observable.swift in Sources */,
				290C38CA2C7F7C0D001D5D0E /* HoroscopeService.swift in Sources */,
				2998CEA12C5A838000DD844B /* LoginViewModel.swift in Sources */,
				2998CEC82C5CEA2E00DD844B /* HomeViewController.swift in Sources */,
				290C38DE2C8209A5001D5D0E /* MatchesListViewModel.swift in Sources */,
				2998CEC22C5CE9C900DD844B /* Struct.swift in Sources */,
				290C38B32C7A3D0D001D5D0E /* PlanetService.swift in Sources */,
				2998CE832C54162500DD844B /* AppDelegate.swift in Sources */,
				290C38BA2C7A3EC9001D5D0E /* PlanetDetailViewModel.swift in Sources */,
				290C38E32C82140A001D5D0E /* MatchCell.swift in Sources */,
				2998CE852C54162500DD844B /* SceneDelegate.swift in Sources */,
				2998CE9D2C5A7EEF00DD844B /* RegisterStruct.swift in Sources */,
				290C38D82C820936001D5D0E /* Match.swift in Sources */,
				290C38C12C7F786C001D5D0E /* HoroscopeListViewModel.swift in Sources */,
				29069F5B2C8BB7340067C136 /* HoroscopeDetail.swift in Sources */,
				290C38C82C7F7AF7001D5D0E /* Horoscope.swift in Sources */,
				290C38BC2C7A3ED9001D5D0E /* PlanetDetailViewController.swift in Sources */,
				2998CED32C5CEB7900DD844B /* PostTableViewCell.swift in Sources */,
				290C38CE2C7F7CD7001D5D0E /* HoroscopeDetailViewController.swift in Sources */,
				29069F592C8B69AD0067C136 /* PlanetTableViewCell.swift in Sources */,
				290C38C52C7F78A7001D5D0E /* HoroscopeListViewController.swift in Sources */,
				2927D58B2C8A34C300977266 /* NetworkConstant.swift in Sources */,
			);
			runOnlyForDeploymentPostprocessing = 0;
		};
/* End PBXSourcesBuildPhase section */

/* Begin PBXVariantGroup section */
		2998CE882C54162500DD844B /* Main.storyboard */ = {
			isa = PBXVariantGroup;
			children = (
				2998CE892C54162500DD844B /* Base */,
			);
			name = Main.storyboard;
			sourceTree = "<group>";
		};
		2998CE8D2C54162600DD844B /* LaunchScreen.storyboard */ = {
			isa = PBXVariantGroup;
			children = (
				2998CE8E2C54162600DD844B /* Base */,
			);
			name = LaunchScreen.storyboard;
			sourceTree = "<group>";
		};
/* End PBXVariantGroup section */

/* Begin XCBuildConfiguration section */
		2998CE912C54162600DD844B /* Debug */ = {
			isa = XCBuildConfiguration;
			buildSettings = {
				ALWAYS_SEARCH_USER_PATHS = NO;
				ASSETCATALOG_COMPILER_GENERATE_SWIFT_ASSET_SYMBOL_EXTENSIONS = YES;
				CLANG_ANALYZER_NONNULL = YES;
				CLANG_ANALYZER_NUMBER_OBJECT_CONVERSION = YES_AGGRESSIVE;
				CLANG_CXX_LANGUAGE_STANDARD = "gnu++20";
				CLANG_ENABLE_MODULES = YES;
				CLANG_ENABLE_OBJC_ARC = YES;
				CLANG_ENABLE_OBJC_WEAK = YES;
				CLANG_WARN_BLOCK_CAPTURE_AUTORELEASING = YES;
				CLANG_WARN_BOOL_CONVERSION = YES;
				CLANG_WARN_COMMA = YES;
				CLANG_WARN_CONSTANT_CONVERSION = YES;
				CLANG_WARN_DEPRECATED_OBJC_IMPLEMENTATIONS = YES;
				CLANG_WARN_DIRECT_OBJC_ISA_USAGE = YES_ERROR;
				CLANG_WARN_DOCUMENTATION_COMMENTS = YES;
				CLANG_WARN_EMPTY_BODY = YES;
				CLANG_WARN_ENUM_CONVERSION = YES;
				CLANG_WARN_INFINITE_RECURSION = YES;
				CLANG_WARN_INT_CONVERSION = YES;
				CLANG_WARN_NON_LITERAL_NULL_CONVERSION = YES;
				CLANG_WARN_OBJC_IMPLICIT_RETAIN_SELF = YES;
				CLANG_WARN_OBJC_LITERAL_CONVERSION = YES;
				CLANG_WARN_OBJC_ROOT_CLASS = YES_ERROR;
				CLANG_WARN_QUOTED_INCLUDE_IN_FRAMEWORK_HEADER = YES;
				CLANG_WARN_RANGE_LOOP_ANALYSIS = YES;
				CLANG_WARN_STRICT_PROTOTYPES = YES;
				CLANG_WARN_SUSPICIOUS_MOVE = YES;
				CLANG_WARN_UNGUARDED_AVAILABILITY = YES_AGGRESSIVE;
				CLANG_WARN_UNREACHABLE_CODE = YES;
				CLANG_WARN__DUPLICATE_METHOD_MATCH = YES;
				COPY_PHASE_STRIP = NO;
				DEBUG_INFORMATION_FORMAT = dwarf;
				ENABLE_STRICT_OBJC_MSGSEND = YES;
				ENABLE_TESTABILITY = YES;
				ENABLE_USER_SCRIPT_SANDBOXING = YES;
				GCC_C_LANGUAGE_STANDARD = gnu17;
				GCC_DYNAMIC_NO_PIC = NO;
				GCC_NO_COMMON_BLOCKS = YES;
				GCC_OPTIMIZATION_LEVEL = 0;
				GCC_PREPROCESSOR_DEFINITIONS = (
					"DEBUG=1",
					"$(inherited)",
				);
				GCC_WARN_64_TO_32_BIT_CONVERSION = YES;
				GCC_WARN_ABOUT_RETURN_TYPE = YES_ERROR;
				GCC_WARN_UNDECLARED_SELECTOR = YES;
				GCC_WARN_UNINITIALIZED_AUTOS = YES_AGGRESSIVE;
				GCC_WARN_UNUSED_FUNCTION = YES;
				GCC_WARN_UNUSED_VARIABLE = YES;
				IPHONEOS_DEPLOYMENT_TARGET = 17.5;
				LOCALIZATION_PREFERS_STRING_CATALOGS = YES;
				MTL_ENABLE_DEBUG_INFO = INCLUDE_SOURCE;
				MTL_FAST_MATH = YES;
				ONLY_ACTIVE_ARCH = YES;
				SDKROOT = iphoneos;
				SWIFT_ACTIVE_COMPILATION_CONDITIONS = "DEBUG $(inherited)";
				SWIFT_OPTIMIZATION_LEVEL = "-Onone";
			};
			name = Debug;
		};
		2998CE922C54162600DD844B /* Release */ = {
			isa = XCBuildConfiguration;
			buildSettings = {
				ALWAYS_SEARCH_USER_PATHS = NO;
				ASSETCATALOG_COMPILER_GENERATE_SWIFT_ASSET_SYMBOL_EXTENSIONS = YES;
				CLANG_ANALYZER_NONNULL = YES;
				CLANG_ANALYZER_NUMBER_OBJECT_CONVERSION = YES_AGGRESSIVE;
				CLANG_CXX_LANGUAGE_STANDARD = "gnu++20";
				CLANG_ENABLE_MODULES = YES;
				CLANG_ENABLE_OBJC_ARC = YES;
				CLANG_ENABLE_OBJC_WEAK = YES;
				CLANG_WARN_BLOCK_CAPTURE_AUTORELEASING = YES;
				CLANG_WARN_BOOL_CONVERSION = YES;
				CLANG_WARN_COMMA = YES;
				CLANG_WARN_CONSTANT_CONVERSION = YES;
				CLANG_WARN_DEPRECATED_OBJC_IMPLEMENTATIONS = YES;
				CLANG_WARN_DIRECT_OBJC_ISA_USAGE = YES_ERROR;
				CLANG_WARN_DOCUMENTATION_COMMENTS = YES;
				CLANG_WARN_EMPTY_BODY = YES;
				CLANG_WARN_ENUM_CONVERSION = YES;
				CLANG_WARN_INFINITE_RECURSION = YES;
				CLANG_WARN_INT_CONVERSION = YES;
				CLANG_WARN_NON_LITERAL_NULL_CONVERSION = YES;
				CLANG_WARN_OBJC_IMPLICIT_RETAIN_SELF = YES;
				CLANG_WARN_OBJC_LITERAL_CONVERSION = YES;
				CLANG_WARN_OBJC_ROOT_CLASS = YES_ERROR;
				CLANG_WARN_QUOTED_INCLUDE_IN_FRAMEWORK_HEADER = YES;
				CLANG_WARN_RANGE_LOOP_ANALYSIS = YES;
				CLANG_WARN_STRICT_PROTOTYPES = YES;
				CLANG_WARN_SUSPICIOUS_MOVE = YES;
				CLANG_WARN_UNGUARDED_AVAILABILITY = YES_AGGRESSIVE;
				CLANG_WARN_UNREACHABLE_CODE = YES;
				CLANG_WARN__DUPLICATE_METHOD_MATCH = YES;
				COPY_PHASE_STRIP = NO;
				DEBUG_INFORMATION_FORMAT = "dwarf-with-dsym";
				ENABLE_NS_ASSERTIONS = NO;
				ENABLE_STRICT_OBJC_MSGSEND = YES;
				ENABLE_USER_SCRIPT_SANDBOXING = YES;
				GCC_C_LANGUAGE_STANDARD = gnu17;
				GCC_NO_COMMON_BLOCKS = YES;
				GCC_WARN_64_TO_32_BIT_CONVERSION = YES;
				GCC_WARN_ABOUT_RETURN_TYPE = YES_ERROR;
				GCC_WARN_UNDECLARED_SELECTOR = YES;
				GCC_WARN_UNINITIALIZED_AUTOS = YES_AGGRESSIVE;
				GCC_WARN_UNUSED_FUNCTION = YES;
				GCC_WARN_UNUSED_VARIABLE = YES;
				IPHONEOS_DEPLOYMENT_TARGET = 17.5;
				LOCALIZATION_PREFERS_STRING_CATALOGS = YES;
				MTL_ENABLE_DEBUG_INFO = NO;
				MTL_FAST_MATH = YES;
				SDKROOT = iphoneos;
				SWIFT_COMPILATION_MODE = wholemodule;
				VALIDATE_PRODUCT = YES;
			};
			name = Release;
		};
		2998CE942C54162600DD844B /* Debug */ = {
			isa = XCBuildConfiguration;
			buildSettings = {
				ASSETCATALOG_COMPILER_APPICON_NAME = AppIcon;
				ASSETCATALOG_COMPILER_GLOBAL_ACCENT_COLOR_NAME = AccentColor;
				CODE_SIGN_STYLE = Automatic;
				CURRENT_PROJECT_VERSION = 1;
				DEVELOPMENT_TEAM = TF8Q2S2NMV;
				GENERATE_INFOPLIST_FILE = YES;
				INFOPLIST_FILE = AstroTalk/Info.plist;
				INFOPLIST_KEY_UIApplicationSupportsIndirectInputEvents = YES;
				INFOPLIST_KEY_UILaunchStoryboardName = LaunchScreen;
				INFOPLIST_KEY_UIMainStoryboardFile = Main;
				INFOPLIST_KEY_UISupportedInterfaceOrientations_iPad = "UIInterfaceOrientationPortrait UIInterfaceOrientationPortraitUpsideDown UIInterfaceOrientationLandscapeLeft UIInterfaceOrientationLandscapeRight";
				INFOPLIST_KEY_UISupportedInterfaceOrientations_iPhone = "UIInterfaceOrientationPortrait UIInterfaceOrientationLandscapeLeft UIInterfaceOrientationLandscapeRight";
				LD_RUNPATH_SEARCH_PATHS = (
					"$(inherited)",
					"@executable_path/Frameworks",
				);
				MARKETING_VERSION = 1.0;
				PRODUCT_BUNDLE_IDENTIFIER = co.angelayu.AstroTalk;
				PRODUCT_NAME = "$(TARGET_NAME)";
				SWIFT_EMIT_LOC_STRINGS = YES;
				SWIFT_VERSION = 5.0;
				TARGETED_DEVICE_FAMILY = "1,2";
			};
			name = Debug;
		};
		2998CE952C54162600DD844B /* Release */ = {
			isa = XCBuildConfiguration;
			buildSettings = {
				ASSETCATALOG_COMPILER_APPICON_NAME = AppIcon;
				ASSETCATALOG_COMPILER_GLOBAL_ACCENT_COLOR_NAME = AccentColor;
				CODE_SIGN_STYLE = Automatic;
				CURRENT_PROJECT_VERSION = 1;
				DEVELOPMENT_TEAM = TF8Q2S2NMV;
				GENERATE_INFOPLIST_FILE = YES;
				INFOPLIST_FILE = AstroTalk/Info.plist;
				INFOPLIST_KEY_UIApplicationSupportsIndirectInputEvents = YES;
				INFOPLIST_KEY_UILaunchStoryboardName = LaunchScreen;
				INFOPLIST_KEY_UIMainStoryboardFile = Main;
				INFOPLIST_KEY_UISupportedInterfaceOrientations_iPad = "UIInterfaceOrientationPortrait UIInterfaceOrientationPortraitUpsideDown UIInterfaceOrientationLandscapeLeft UIInterfaceOrientationLandscapeRight";
				INFOPLIST_KEY_UISupportedInterfaceOrientations_iPhone = "UIInterfaceOrientationPortrait UIInterfaceOrientationLandscapeLeft UIInterfaceOrientationLandscapeRight";
				LD_RUNPATH_SEARCH_PATHS = (
					"$(inherited)",
					"@executable_path/Frameworks",
				);
				MARKETING_VERSION = 1.0;
				PRODUCT_BUNDLE_IDENTIFIER = co.angelayu.AstroTalk;
				PRODUCT_NAME = "$(TARGET_NAME)";
				SWIFT_EMIT_LOC_STRINGS = YES;
				SWIFT_VERSION = 5.0;
				TARGETED_DEVICE_FAMILY = "1,2";
			};
			name = Release;
		};
/* End XCBuildConfiguration section */

/* Begin XCConfigurationList section */
		2998CE7A2C54162500DD844B /* Build configuration list for PBXProject "AstroTalk" */ = {
			isa = XCConfigurationList;
			buildConfigurations = (
				2998CE912C54162600DD844B /* Debug */,
				2998CE922C54162600DD844B /* Release */,
			);
			defaultConfigurationIsVisible = 0;
			defaultConfigurationName = Release;
		};
		2998CE932C54162600DD844B /* Build configuration list for PBXNativeTarget "AstroTalk" */ = {
			isa = XCConfigurationList;
			buildConfigurations = (
				2998CE942C54162600DD844B /* Debug */,
				2998CE952C54162600DD844B /* Release */,
			);
			defaultConfigurationIsVisible = 0;
			defaultConfigurationName = Release;
		};
/* End XCConfigurationList section */

/* Begin XCRemoteSwiftPackageReference section */
		29069F512C8A4BE90067C136 /* XCRemoteSwiftPackageReference "Alamofire" */ = {
			isa = XCRemoteSwiftPackageReference;
			repositoryURL = "https://github.com/Alamofire/Alamofire.git";
			requirement = {
				kind = upToNextMajorVersion;
				minimumVersion = 5.9.1;
			};
		};
		2927D58C2C8A372600977266 /* XCRemoteSwiftPackageReference "Kingfisher" */ = {
			isa = XCRemoteSwiftPackageReference;
			repositoryURL = "https://github.com/onevcat/Kingfisher.git";
			requirement = {
				kind = upToNextMajorVersion;
				minimumVersion = 7.12.0;
			};
		};
/* End XCRemoteSwiftPackageReference section */

/* Begin XCSwiftPackageProductDependency section */
		29069F522C8A4BE90067C136 /* Alamofire */ = {
			isa = XCSwiftPackageProductDependency;
			package = 29069F512C8A4BE90067C136 /* XCRemoteSwiftPackageReference "Alamofire" */;
			productName = Alamofire;
		};
		2927D58D2C8A372700977266 /* Kingfisher */ = {
			isa = XCSwiftPackageProductDependency;
			package = 2927D58C2C8A372600977266 /* XCRemoteSwiftPackageReference "Kingfisher" */;
			productName = Kingfisher;
		};
/* End XCSwiftPackageProductDependency section */
	};
	rootObject = 2998CE772C54162500DD844B /* Project object */;
}
